	<Project xmlns="http://schemas.microsoft.com/developer/msbuild/2003">
		<PropertyGroup>
			<ProjectGuid>{1DA74BDB-2546-43BE-9073-189C8A91C99E}</ProjectGuid>
			<MainSource>Updater.dpr</MainSource>
			<Config Condition="'$(Config)'==''">Debug</Config>
			<DCC_DCCCompiler>DCC32</DCC_DCCCompiler>
			<ProjectVersion>13.4</ProjectVersion>
			<FrameworkType>VCL</FrameworkType>
			<Base>True</Base>
			<Platform Condition="'$(Platform)'==''">Win32</Platform>
			<TargetedPlatforms>3</TargetedPlatforms>
			<AppType>Application</AppType>
		</PropertyGroup>
		<PropertyGroup Condition="'$(Config)'=='Base' or '$(Base)'!=''">
			<Base>true</Base>
		</PropertyGroup>
		<PropertyGroup Condition="('$(Platform)'=='Win64' and '$(Base)'=='true') or '$(Base_Win64)'!=''">
			<Base_Win64>true</Base_Win64>
			<CfgParent>Base</CfgParent>
			<Base>true</Base>
		</PropertyGroup>
		<PropertyGroup Condition="('$(Platform)'=='Win32' and '$(Base)'=='true') or '$(Base_Win32)'!=''">
			<Base_Win32>true</Base_Win32>
			<CfgParent>Base</CfgParent>
			<Base>true</Base>
		</PropertyGroup>
		<PropertyGroup Condition="'$(Config)'=='Release' or '$(Cfg_1)'!=''">
			<Cfg_1>true</Cfg_1>
			<CfgParent>Base</CfgParent>
			<Base>true</Base>
		</PropertyGroup>
		<PropertyGroup Condition="('$(Platform)'=='Win64' and '$(Cfg_1)'=='true') or '$(Cfg_1_Win64)'!=''">
			<Cfg_1_Win64>true</Cfg_1_Win64>
			<CfgParent>Cfg_1</CfgParent>
			<Cfg_1>true</Cfg_1>
			<Base>true</Base>
		</PropertyGroup>
		<PropertyGroup Condition="('$(Platform)'=='Win32' and '$(Cfg_1)'=='true') or '$(Cfg_1_Win32)'!=''">
			<Cfg_1_Win32>true</Cfg_1_Win32>
			<CfgParent>Cfg_1</CfgParent>
			<Cfg_1>true</Cfg_1>
			<Base>true</Base>
		</PropertyGroup>
		<PropertyGroup Condition="'$(Config)'=='Debug' or '$(Cfg_2)'!=''">
			<Cfg_2>true</Cfg_2>
			<CfgParent>Base</CfgParent>
			<Base>true</Base>
		</PropertyGroup>
		<PropertyGroup Condition="('$(Platform)'=='Win64' and '$(Cfg_2)'=='true') or '$(Cfg_2_Win64)'!=''">
			<Cfg_2_Win64>true</Cfg_2_Win64>
			<CfgParent>Cfg_2</CfgParent>
			<Cfg_2>true</Cfg_2>
			<Base>true</Base>
		</PropertyGroup>
		<PropertyGroup Condition="('$(Platform)'=='Win32' and '$(Cfg_2)'=='true') or '$(Cfg_2_Win32)'!=''">
			<Cfg_2_Win32>true</Cfg_2_Win32>
			<CfgParent>Cfg_2</CfgParent>
			<Cfg_2>true</Cfg_2>
			<Base>true</Base>
		</PropertyGroup>
		<PropertyGroup Condition="'$(Base)'!=''">
			<Manifest_File>None</Manifest_File>
			<VerInfo_MajorVer>3</VerInfo_MajorVer>
			<VerInfo_IncludeVerInfo>true</VerInfo_IncludeVerInfo>
			<DCC_Namespace>Vcl;Vcl.Imaging;Vcl.Touch;Vcl.Samples;Vcl.Shell;System;Xml;Data;Datasnap;Web;Soap;Winapi;System.Win;$(DCC_Namespace)</DCC_Namespace>
			<VerInfo_Locale>1046</VerInfo_Locale>
			<VerInfo_Keys>CompanyName=MZSW;FileDescription=Falcon C++ Updater;FileVersion=3.0.0.0;InternalName=Updater;LegalCopyright=;LegalTrademarks=;OriginalFilename=Updater.exe;ProductName=Falcon C++;ProductVersion=3.0.0.0;Comments=</VerInfo_Keys>
			<DCC_ExeOutput>..\..\bin\</DCC_ExeOutput>
			<DCC_DependencyCheckOutputName>..\..\bin\Updater.exe</DCC_DependencyCheckOutputName>
			<DCC_ImageBase>00400000</DCC_ImageBase>
			<DCC_Platform>x86</DCC_Platform>
		</PropertyGroup>
		<PropertyGroup Condition="'$(Base_Win64)'!=''">
			<DCC_ExeOutput>..\..\bin\x64\</DCC_ExeOutput>
			<DCC_Namespace>Data.Win;Datasnap.Win;Web.Win;Soap.Win;Xml.Win;$(DCC_Namespace)</DCC_Namespace>
			<VerInfo_Keys>CompanyName=;FileDescription=;FileVersion=1.0.0.0;InternalName=;LegalCopyright=;LegalTrademarks=;OriginalFilename=;ProductName=;ProductVersion=1.0.0.0;Comments=</VerInfo_Keys>
			<VerInfo_Locale>1033</VerInfo_Locale>
			<Manifest_File>$(BDS)\bin\default_app.manifest</Manifest_File>
		</PropertyGroup>
		<PropertyGroup Condition="'$(Base_Win32)'!=''">
			<DCC_ExeOutput>..\..\bin\x86\</DCC_ExeOutput>
			<DCC_Namespace>Data.Win;Datasnap.Win;Web.Win;Soap.Win;Xml.Win;Bde;$(DCC_Namespace)</DCC_Namespace>
			<VerInfo_Locale>1033</VerInfo_Locale>
			<Manifest_File>$(BDS)\bin\default_app.manifest</Manifest_File>
			<VerInfo_Keys>CompanyName=;FileDescription=;FileVersion=1.0.0.0;InternalName=;LegalCopyright=;LegalTrademarks=;OriginalFilename=;ProductName=;ProductVersion=1.0.0.0;Comments=</VerInfo_Keys>
		</PropertyGroup>
		<PropertyGroup Condition="'$(Cfg_1)'!=''">
			<DCC_LocalDebugSymbols>false</DCC_LocalDebugSymbols>
			<DCC_Define>RELEASE;$(DCC_Define)</DCC_Define>
			<DCC_SymbolReferenceInfo>0</DCC_SymbolReferenceInfo>
			<DCC_DebugInformation>false</DCC_DebugInformation>
		</PropertyGroup>
		<PropertyGroup Condition="'$(Cfg_1_Win64)'!=''">
			<VerInfo_Keys>CompanyName=;FileDescription=;FileVersion=1.0.0.0;InternalName=;LegalCopyright=;LegalTrademarks=;OriginalFilename=;ProductName=;ProductVersion=1.0.0.0;Comments=</VerInfo_Keys>
			<Manifest_File>$(BDS)\bin\default_app.manifest</Manifest_File>
			<VerInfo_Locale>1033</VerInfo_Locale>
		</PropertyGroup>
		<PropertyGroup Condition="'$(Cfg_1_Win32)'!=''">
			<VerInfo_Keys>CompanyName=;FileDescription=;FileVersion=1.0.0.0;InternalName=;LegalCopyright=;LegalTrademarks=;OriginalFilename=;ProductName=;ProductVersion=1.0.0.0;Comments=</VerInfo_Keys>
			<Manifest_File>$(BDS)\bin\default_app.manifest</Manifest_File>
			<VerInfo_Locale>1033</VerInfo_Locale>
		</PropertyGroup>
		<PropertyGroup Condition="'$(Cfg_2)'!=''">
			<DCC_Define>DEBUG;$(DCC_Define)</DCC_Define>
		</PropertyGroup>
		<PropertyGroup Condition="'$(Cfg_2_Win64)'!=''">
			<VerInfo_Keys>CompanyName=;FileDescription=;FileVersion=1.0.0.0;InternalName=;LegalCopyright=;LegalTrademarks=;OriginalFilename=;ProductName=;ProductVersion=1.0.0.0;Comments=</VerInfo_Keys>
			<Manifest_File>$(BDS)\bin\default_app.manifest</Manifest_File>
			<VerInfo_Locale>1033</VerInfo_Locale>
		</PropertyGroup>
		<PropertyGroup Condition="'$(Cfg_2_Win32)'!=''">
			<Manifest_File>$(BDS)\bin\default_app.manifest</Manifest_File>
			<VerInfo_MajorVer>0</VerInfo_MajorVer>
			<VerInfo_IncludeVerInfo>false</VerInfo_IncludeVerInfo>
			<VerInfo_Keys>CompanyName=;FileDescription=;FileVersion=;InternalName=;LegalCopyright=;LegalTrademarks=;OriginalFilename=;ProductName=;ProductVersion=;Comments=</VerInfo_Keys>
			<VerInfo_Locale>1033</VerInfo_Locale>
		</PropertyGroup>
		<ItemGroup>
			<DelphiCompile Include="$(MainSource)">
				<MainSource>MainSource</MainSource>
			</DelphiCompile>
			<DCCReference Include="..\others\fastmm\FastMM4.pas"/>
			<DCCReference Include="..\others\fastmm\FastMM4Messages.pas"/>
			<DCCReference Include="UFraGetVer.pas">
				<Form>FraGetVer</Form>
				<DesignClass>TFrame</DesignClass>
			</DCCReference>
			<DCCReference Include="UFraUpdate.pas">
				<Form>FraUpdate</Form>
				<DesignClass>TFrame</DesignClass>
			</DCCReference>
			<DCCReference Include="UFrmUpdate.pas">
				<Form>FrmUpdate</Form>
			</DCCReference>
			<DCCReference Include="UUtils.pas"/>
			<DCCReference Include="..\others\utils\ExecWait.pas"/>
			<DCCReference Include="..\others\libtar\LibTar.pas"/>
			<DCCReference Include="..\others\compressutils\CompressUtils.pas"/>
			<DCCReference Include="..\others\compressutils\StrMatch.pas"/>
			<DCCReference Include="..\others\zip\KAZip.pas"/>
			<DCCReference Include="..\others\utils\SystemUtils.pas"/>
			<DCCReference Include="..\others\compressutils\ThreadExtract.pas"/>
			<DCCReference Include="..\falconcpp\editor\UnicodeUtils.pas"/>
			<DCCReference Include="..\others\encoding\chsdet\src\Big5Freq.pas"/>
			<DCCReference Include="..\others\encoding\chsdet\src\CharDistribution.pas"/>
			<DCCReference Include="..\others\encoding\chsdet\src\chsdIntf.pas"/>
			<DCCReference Include="..\others\encoding\chsdet\src\CustomDetector.pas"/>
			<DCCReference Include="..\others\encoding\chsdet\src\Dump.pas"/>
			<DCCReference Include="..\others\encoding\chsdet\src\EUCKRFreq.pas"/>
			<DCCReference Include="..\others\encoding\chsdet\src\EUCSampler.pas"/>
			<DCCReference Include="..\others\encoding\chsdet\src\EUCTWFreq.pas"/>
			<DCCReference Include="..\others\encoding\chsdet\src\GB2312Freq.pas"/>
			<DCCReference Include="..\others\encoding\chsdet\src\JISFreq.pas"/>
			<DCCReference Include="..\others\encoding\chsdet\src\JpCntx.pas"/>
			<DCCReference Include="..\others\encoding\chsdet\src\MBUnicodeMultiProber.pas"/>
			<DCCReference Include="..\others\encoding\chsdet\src\MultiModelProber.pas"/>
			<DCCReference Include="..\others\encoding\chsdet\src\nsCodingStateMachine.pas"/>
			<DCCReference Include="..\others\encoding\chsdet\src\nsCore.pas"/>
			<DCCReference Include="..\others\encoding\chsdet\src\nsEscCharsetProber.pas"/>
			<DCCReference Include="..\others\encoding\chsdet\src\nsGroupProber.pas"/>
			<DCCReference Include="..\others\encoding\chsdet\src\nsHebrewProber.pas"/>
			<DCCReference Include="..\others\encoding\chsdet\src\nsLatin1Prober.pas"/>
			<DCCReference Include="..\others\encoding\chsdet\src\nsMBCSMultiProber.pas"/>
			<DCCReference Include="..\others\encoding\chsdet\src\nsPkg.pas"/>
			<DCCReference Include="..\others\encoding\chsdet\src\nsSBCharSetProber.pas"/>
			<DCCReference Include="..\others\encoding\chsdet\src\nsSBCSGroupProber.pas"/>
			<DCCReference Include="..\others\encoding\chsdet\src\nsUniversalDetector.pas"/>
			<DCCReference Include="..\others\encoding\chsdet\src\vi.pas"/>
			<DCCReference Include="..\others\encoding\chsdet\src\sbseq\LangBulgarianModel.pas"/>
			<DCCReference Include="..\others\encoding\chsdet\src\sbseq\LangCyrillicModel.pas"/>
			<DCCReference Include="..\others\encoding\chsdet\src\sbseq\LangGreekModel.pas"/>
			<DCCReference Include="..\others\encoding\chsdet\src\sbseq\LangHebrewModel.pas"/>
			<DCCReference Include="..\falconcpp\AppConst.pas"/>
			<BuildConfiguration Include="Debug">
				<Key>Cfg_2</Key>
				<CfgParent>Base</CfgParent>
			</BuildConfiguration>
			<BuildConfiguration Include="Base">
				<Key>Base</Key>
			</BuildConfiguration>
			<BuildConfiguration Include="Release">
				<Key>Cfg_1</Key>
				<CfgParent>Base</CfgParent>
			</BuildConfiguration>
		</ItemGroup>
		<Import Condition="Exists('$(BDS)\Bin\CodeGear.Delphi.Targets')" Project="$(BDS)\Bin\CodeGear.Delphi.Targets"/>
		<ProjectExtensions>
			<Borland.Personality>Delphi.Personality.12</Borland.Personality>
			<Borland.ProjectType>VCLApplication</Borland.ProjectType>
			<BorlandProject>
				<Delphi.Personality>
					<Source>
						<Source Name="MainSource">Updater.dpr</Source>
					</Source>
					<Parameters>
						<Parameters Name="UseLauncher">False</Parameters>
						<Parameters Name="LoadAllSymbols">True</Parameters>
						<Parameters Name="LoadUnspecifiedSymbols">False</Parameters>
					</Parameters>
					<VersionInfo>
						<VersionInfo Name="IncludeVerInfo">True</VersionInfo>
						<VersionInfo Name="AutoIncBuild">False</VersionInfo>
						<VersionInfo Name="MajorVer">3</VersionInfo>
						<VersionInfo Name="MinorVer">0</VersionInfo>
						<VersionInfo Name="Release">0</VersionInfo>
						<VersionInfo Name="Build">0</VersionInfo>
						<VersionInfo Name="Debug">False</VersionInfo>
						<VersionInfo Name="PreRelease">False</VersionInfo>
						<VersionInfo Name="Special">False</VersionInfo>
						<VersionInfo Name="Private">False</VersionInfo>
						<VersionInfo Name="DLL">False</VersionInfo>
						<VersionInfo Name="Locale">1046</VersionInfo>
						<VersionInfo Name="CodePage">1252</VersionInfo>
					</VersionInfo>
					<VersionInfoKeys>
						<VersionInfoKeys Name="CompanyName">MZSW</VersionInfoKeys>
						<VersionInfoKeys Name="FileDescription">Falcon C++ Updater</VersionInfoKeys>
						<VersionInfoKeys Name="FileVersion">3.0.0.0</VersionInfoKeys>
						<VersionInfoKeys Name="InternalName">Updater</VersionInfoKeys>
						<VersionInfoKeys Name="LegalCopyright"/>
						<VersionInfoKeys Name="LegalTrademarks"/>
						<VersionInfoKeys Name="OriginalFilename">Updater.exe</VersionInfoKeys>
						<VersionInfoKeys Name="ProductName">Falcon C++</VersionInfoKeys>
						<VersionInfoKeys Name="ProductVersion">3.0.0.0</VersionInfoKeys>
						<VersionInfoKeys Name="Comments"/>
					</VersionInfoKeys>
					<Excluded_Packages>
						<Excluded_Packages Name="$(BDSBIN)\dcloffice2k160.bpl">Microsoft Office 2000 Sample Automation Server Wrapper Components</Excluded_Packages>
						<Excluded_Packages Name="$(BDSBIN)\dclofficexp160.bpl">Microsoft Office XP Sample Automation Server Wrapper Components</Excluded_Packages>
					</Excluded_Packages>
				</Delphi.Personality>
				<Platforms>
					<Platform value="Win64">True</Platform>
					<Platform value="Win32">True</Platform>
				</Platforms>
			</BorlandProject>
			<ProjectFileVersion>12</ProjectFileVersion>
		</ProjectExtensions>
		<Import Condition="Exists('$(APPDATA)\Embarcadero\$(BDSAPPDATABASEDIR)\$(PRODUCTVERSION)\UserTools.proj')" Project="$(APPDATA)\Embarcadero\$(BDSAPPDATABASEDIR)\$(PRODUCTVERSION)\UserTools.proj"/>
	</Project>
