	<Project xmlns="http://schemas.microsoft.com/developer/msbuild/2003">
		<PropertyGroup>
			<ProjectGuid>{07250B23-828C-4B35-9F19-5E665B9ADF6D}</ProjectGuid>
			<MainSource>Falcon.dpr</MainSource>
			<Config Condition="'$(Config)'==''">Debug</Config>
			<DCC_DCCCompiler>DCC32</DCC_DCCCompiler>
			<ProjectVersion>13.4</ProjectVersion>
			<FrameworkType>VCL</FrameworkType>
			<Base>True</Base>
			<Platform Condition="'$(Platform)'==''">Win32</Platform>
			<TargetedPlatforms>3</TargetedPlatforms>
			<AppType>Application</AppType>
		</PropertyGroup>
		<PropertyGroup Condition="'$(Config)'=='Base' or '$(Base)'!=''">
			<Base>true</Base>
		</PropertyGroup>
		<PropertyGroup Condition="('$(Platform)'=='Win64' and '$(Base)'=='true') or '$(Base_Win64)'!=''">
			<Base_Win64>true</Base_Win64>
			<CfgParent>Base</CfgParent>
			<Base>true</Base>
		</PropertyGroup>
		<PropertyGroup Condition="('$(Platform)'=='Win32' and '$(Base)'=='true') or '$(Base_Win32)'!=''">
			<Base_Win32>true</Base_Win32>
			<CfgParent>Base</CfgParent>
			<Base>true</Base>
		</PropertyGroup>
		<PropertyGroup Condition="'$(Config)'=='Release' or '$(Cfg_1)'!=''">
			<Cfg_1>true</Cfg_1>
			<CfgParent>Base</CfgParent>
			<Base>true</Base>
		</PropertyGroup>
		<PropertyGroup Condition="('$(Platform)'=='Win64' and '$(Cfg_1)'=='true') or '$(Cfg_1_Win64)'!=''">
			<Cfg_1_Win64>true</Cfg_1_Win64>
			<CfgParent>Cfg_1</CfgParent>
			<Cfg_1>true</Cfg_1>
			<Base>true</Base>
		</PropertyGroup>
		<PropertyGroup Condition="('$(Platform)'=='Win32' and '$(Cfg_1)'=='true') or '$(Cfg_1_Win32)'!=''">
			<Cfg_1_Win32>true</Cfg_1_Win32>
			<CfgParent>Cfg_1</CfgParent>
			<Cfg_1>true</Cfg_1>
			<Base>true</Base>
		</PropertyGroup>
		<PropertyGroup Condition="'$(Config)'=='Debug' or '$(Cfg_2)'!=''">
			<Cfg_2>true</Cfg_2>
			<CfgParent>Base</CfgParent>
			<Base>true</Base>
		</PropertyGroup>
		<PropertyGroup Condition="('$(Platform)'=='Win64' and '$(Cfg_2)'=='true') or '$(Cfg_2_Win64)'!=''">
			<Cfg_2_Win64>true</Cfg_2_Win64>
			<CfgParent>Cfg_2</CfgParent>
			<Cfg_2>true</Cfg_2>
			<Base>true</Base>
		</PropertyGroup>
		<PropertyGroup Condition="('$(Platform)'=='Win32' and '$(Cfg_2)'=='true') or '$(Cfg_2_Win32)'!=''">
			<Cfg_2_Win32>true</Cfg_2_Win32>
			<CfgParent>Cfg_2</CfgParent>
			<Cfg_2>true</Cfg_2>
			<Base>true</Base>
		</PropertyGroup>
		<PropertyGroup Condition="'$(Base)'!=''">
			<Manifest_File>None</Manifest_File>
			<VerInfo_MajorVer>3</VerInfo_MajorVer>
			<VerInfo_MinorVer>1</VerInfo_MinorVer>
			<DCC_Namespace>Vcl;Vcl.Imaging;Vcl.Touch;Vcl.Samples;Vcl.Shell;System;Xml;Data;Datasnap;Web;Soap;Winapi;System.Win;$(DCC_Namespace)</DCC_Namespace>
			<VerInfo_Locale>1046</VerInfo_Locale>
			<VerInfo_Keys>CompanyName=MZSW;FileDescription=C++ IDE easy and complete;FileVersion=3.1.0.0;InternalName=Falcon.exe;LegalCopyright=;LegalTrademarks=;OriginalFilename=Falcon.exe;ProductName=Falcon C++;ProductVersion=3.1.0.0;Comments=</VerInfo_Keys>
			<DCC_ExeOutput>..\..\bin\</DCC_ExeOutput>
			<DCC_DependencyCheckOutputName>..\..\bin\Falcon.exe</DCC_DependencyCheckOutputName>
			<DCC_ImageBase>00400000</DCC_ImageBase>
			<DCC_Platform>x86</DCC_Platform>
		</PropertyGroup>
		<PropertyGroup Condition="'$(Base_Win64)'!=''">
			<DCC_ExeOutput>..\..\bin\x64\</DCC_ExeOutput>
			<VerInfo_IncludeVerInfo>true</VerInfo_IncludeVerInfo>
			<DCC_Namespace>Data.Win;Datasnap.Win;Web.Win;Soap.Win;Xml.Win;$(DCC_Namespace)</DCC_Namespace>
			<VerInfo_Keys>CompanyName=;FileDescription=;FileVersion=1.0.0.0;InternalName=;LegalCopyright=;LegalTrademarks=;OriginalFilename=;ProductName=;ProductVersion=1.0.0.0;Comments=</VerInfo_Keys>
			<VerInfo_Locale>1033</VerInfo_Locale>
			<Manifest_File>$(BDS)\bin\default_app.manifest</Manifest_File>
		</PropertyGroup>
		<PropertyGroup Condition="'$(Base_Win32)'!=''">
			<DCC_ExeOutput>..\..\bin\x86\</DCC_ExeOutput>
			<VerInfo_IncludeVerInfo>true</VerInfo_IncludeVerInfo>
			<DCC_Namespace>Data.Win;Datasnap.Win;Web.Win;Soap.Win;Xml.Win;Bde;$(DCC_Namespace)</DCC_Namespace>
			<VerInfo_Keys>CompanyName=;FileDescription=;FileVersion=1.0.0.0;InternalName=;LegalCopyright=;LegalTrademarks=;OriginalFilename=;ProductName=;ProductVersion=1.0.0.0;Comments=</VerInfo_Keys>
			<VerInfo_Locale>1033</VerInfo_Locale>
			<Manifest_File>$(BDS)\bin\default_app.manifest</Manifest_File>
		</PropertyGroup>
		<PropertyGroup Condition="'$(Cfg_1)'!=''">
			<DCC_LocalDebugSymbols>false</DCC_LocalDebugSymbols>
			<DCC_Define>RELEASE;$(DCC_Define)</DCC_Define>
			<DCC_SymbolReferenceInfo>0</DCC_SymbolReferenceInfo>
			<DCC_DebugInformation>false</DCC_DebugInformation>
		</PropertyGroup>
		<PropertyGroup Condition="'$(Cfg_1_Win64)'!=''">
			<VerInfo_Keys>CompanyName=;FileDescription=;FileVersion=1.0.0.0;InternalName=;LegalCopyright=;LegalTrademarks=;OriginalFilename=;ProductName=;ProductVersion=1.0.0.0;Comments=</VerInfo_Keys>
			<VerInfo_IncludeVerInfo>true</VerInfo_IncludeVerInfo>
			<VerInfo_Locale>1033</VerInfo_Locale>
			<Manifest_File>$(BDS)\bin\default_app.manifest</Manifest_File>
		</PropertyGroup>
		<PropertyGroup Condition="'$(Cfg_1_Win32)'!=''">
			<VerInfo_Keys>CompanyName=;FileDescription=;FileVersion=1.0.0.0;InternalName=;LegalCopyright=;LegalTrademarks=;OriginalFilename=;ProductName=;ProductVersion=1.0.0.0;Comments=</VerInfo_Keys>
			<VerInfo_IncludeVerInfo>true</VerInfo_IncludeVerInfo>
			<VerInfo_Locale>1033</VerInfo_Locale>
			<Manifest_File>$(BDS)\bin\default_app.manifest</Manifest_File>
		</PropertyGroup>
		<PropertyGroup Condition="'$(Cfg_2)'!=''">
			<DCC_Define>DEBUG;$(DCC_Define)</DCC_Define>
		</PropertyGroup>
		<PropertyGroup Condition="'$(Cfg_2_Win64)'!=''">
			<Manifest_File>$(BDS)\bin\default_app.manifest</Manifest_File>
			<VerInfo_IncludeVerInfo>true</VerInfo_IncludeVerInfo>
			<VerInfo_Locale>1033</VerInfo_Locale>
			<VerInfo_Keys>CompanyName=;FileDescription=;FileVersion=1.0.0.0;InternalName=;LegalCopyright=;LegalTrademarks=;OriginalFilename=;ProductName=;ProductVersion=1.0.0.0;Comments=</VerInfo_Keys>
		</PropertyGroup>
		<PropertyGroup Condition="'$(Cfg_2_Win32)'!=''">
			<Manifest_File>$(BDS)\bin\default_app.manifest</Manifest_File>
			<VerInfo_IncludeVerInfo>true</VerInfo_IncludeVerInfo>
			<VerInfo_Keys>CompanyName=;FileDescription=;FileVersion=3.1.0.0;InternalName=;LegalCopyright=;LegalTrademarks=;OriginalFilename=;ProductName=;ProductVersion=1.0.0.0;Comments=</VerInfo_Keys>
			<VerInfo_Locale>1033</VerInfo_Locale>
		</PropertyGroup>
		<ItemGroup>
			<DelphiCompile Include="$(MainSource)">
				<MainSource>MainSource</MainSource>
			</DelphiCompile>
			<DCCReference Include="..\others\fastmm\FastMM4.pas"/>
			<DCCReference Include="..\others\fastmm\FastMM4Messages.pas"/>
			<DCCReference Include="UFrmMain.pas">
				<Form>FrmFalconMain</Form>
			</DCCReference>
			<DCCReference Include="UConfig.pas"/>
			<DCCReference Include="UFrmAbout.pas">
				<Form>FormAbout</Form>
			</DCCReference>
			<DCCReference Include="UFrmNew.pas">
				<Form>FrmNewProj</Form>
			</DCCReference>
			<DCCReference Include="UFrmProperty.pas">
				<Form>FrmProperty</Form>
			</DCCReference>
			<DCCReference Include="UFrmCompOptions.pas">
				<Form>FrmCompOptions</Form>
			</DCCReference>
			<DCCReference Include="UFraProjs.pas">
				<Form>FraProjs</Form>
				<DesignClass>TFrame</DesignClass>
			</DCCReference>
			<DCCReference Include="UFraNewOpt.pas">
				<Form>FraPrjOpt</Form>
				<DesignClass>TFrame</DesignClass>
			</DCCReference>
			<DCCReference Include="UUtils.pas"/>
			<DCCReference Include="..\others\utils\ExecWait.pas"/>
			<DCCReference Include="UTemplates.pas"/>
			<DCCReference Include="ULanguages.pas"/>
			<DCCReference Include="UTools.pas"/>
			<DCCReference Include="UFrmRemove.pas">
				<Form>FrmRemove</Form>
			</DCCReference>
			<DCCReference Include="UParseMsgs.pas"/>
			<DCCReference Include="UFrmUpdate.pas">
				<Form>FrmUpdate</Form>
			</DCCReference>
			<DCCReference Include="USourceFile.pas"/>
			<DCCReference Include="UFrmEnvOptions.pas">
				<Form>FrmEnvOptions</Form>
			</DCCReference>
			<DCCReference Include="UFrmEditorOptions.pas">
				<Form>FrmEditorOptions</Form>
			</DCCReference>
			<DCCReference Include="UFrmFind.pas">
				<Form>FrmFind</Form>
			</DCCReference>
			<DCCReference Include="FalconConst.pas"/>
			<DCCReference Include="UFrmPromptCodeTemplate.pas">
				<Form>FrmPromptCodeTemplate</Form>
			</DCCReference>
			<DCCReference Include="UFrmCodeTemplates.pas">
				<Form>FrmCodeTemplates</Form>
			</DCCReference>
			<DCCReference Include="Makefile.pas"/>
			<DCCReference Include="..\others\libtar\LibTar.pas"/>
			<DCCReference Include="..\others\compressutils\CompressUtils.pas"/>
			<DCCReference Include="..\others\compressutils\StrMatch.pas"/>
			<DCCReference Include="Breakpoint.pas"/>
			<DCCReference Include="..\others\debug\CommandQueue.pas"/>
			<DCCReference Include="..\others\debug\DebugConsts.pas"/>
			<DCCReference Include="..\others\debug\DebugReader.pas"/>
			<DCCReference Include="..\others\cppparser\CppParser.pas"/>
			<DCCReference Include="..\others\cppparser\ThreadTokenFiles.pas"/>
			<DCCReference Include="..\others\cppparser\TokenConst.pas"/>
			<DCCReference Include="..\others\cppparser\TokenFile.pas"/>
			<DCCReference Include="..\others\cppparser\TokenHint.pas"/>
			<DCCReference Include="..\others\cppparser\TokenList.pas"/>
			<DCCReference Include="..\others\cppparser\TokenUtils.pas"/>
			<DCCReference Include="UFrmGotoFunction.pas">
				<Form>FormGotoFunction</Form>
			</DCCReference>
			<DCCReference Include="UFrmGotoLine.pas">
				<Form>FormGotoLine</Form>
			</DCCReference>
			<DCCReference Include="..\others\hinttree\HintTree.pas"/>
			<DCCReference Include="..\others\debug\DebugWatch.pas"/>
			<DCCReference Include="rbtree.pas"/>
			<DCCReference Include="CodeTemplate.pas"/>
			<DCCReference Include="UFrmVisualCppOptions.pas">
				<Form>FrmVisualCppOptions</Form>
			</DCCReference>
			<DCCReference Include="..\others\plugins\PluginManager.pas"/>
			<DCCReference Include="..\others\plugins\PluginConst.pas"/>
			<DCCReference Include="..\others\plugins\PluginUtils.pas"/>
			<DCCReference Include="..\others\plugins\Plugin.pas"/>
			<DCCReference Include="..\others\plugins\PluginServiceManager.pas"/>
			<DCCReference Include="..\others\plugins\PluginWidgetMap.pas"/>
			<DCCReference Include="..\others\plugins\PluginWidget.pas"/>
			<DCCReference Include="..\others\icoformat\icoformat.pas"/>
			<DCCReference Include="..\others\zip\KAZip.pas"/>
			<DCCReference Include="UEditor.pas"/>
			<DCCReference Include="editor\Highlighter.pas"/>
			<DCCReference Include="editor\CppHighlighter.pas"/>
			<DCCReference Include="editor\CustomColors.pas"/>
			<DCCReference Include="editor\SintaxList.pas"/>
			<DCCReference Include="editor\UnicodeUtils.pas"/>
			<DCCReference Include="editor\AutoComplete.pas"/>
			<DCCReference Include="..\others\cppparser\CppTokenizer.pas"/>
			<DCCReference Include="editor\CompletionProposal.pas"/>
			<DCCReference Include="..\others\astyle\wrapper\AStyle.pas"/>
			<DCCReference Include="..\others\encoding\chsdet\src\Big5Freq.pas"/>
			<DCCReference Include="..\others\encoding\chsdet\src\CharDistribution.pas"/>
			<DCCReference Include="..\others\encoding\chsdet\src\chsdIntf.pas"/>
			<DCCReference Include="..\others\encoding\chsdet\src\CustomDetector.pas"/>
			<DCCReference Include="..\others\encoding\chsdet\src\Dump.pas"/>
			<DCCReference Include="..\others\encoding\chsdet\src\EUCKRFreq.pas"/>
			<DCCReference Include="..\others\encoding\chsdet\src\EUCSampler.pas"/>
			<DCCReference Include="..\others\encoding\chsdet\src\EUCTWFreq.pas"/>
			<DCCReference Include="..\others\encoding\chsdet\src\GB2312Freq.pas"/>
			<DCCReference Include="..\others\encoding\chsdet\src\JISFreq.pas"/>
			<DCCReference Include="..\others\encoding\chsdet\src\JpCntx.pas"/>
			<DCCReference Include="..\others\encoding\chsdet\src\MBUnicodeMultiProber.pas"/>
			<DCCReference Include="..\others\encoding\chsdet\src\MultiModelProber.pas"/>
			<DCCReference Include="..\others\encoding\chsdet\src\nsCodingStateMachine.pas"/>
			<DCCReference Include="..\others\encoding\chsdet\src\nsCore.pas"/>
			<DCCReference Include="..\others\encoding\chsdet\src\nsEscCharsetProber.pas"/>
			<DCCReference Include="..\others\encoding\chsdet\src\nsGroupProber.pas"/>
			<DCCReference Include="..\others\encoding\chsdet\src\nsHebrewProber.pas"/>
			<DCCReference Include="..\others\encoding\chsdet\src\nsLatin1Prober.pas"/>
			<DCCReference Include="..\others\encoding\chsdet\src\nsMBCSMultiProber.pas"/>
			<DCCReference Include="..\others\encoding\chsdet\src\nsPkg.pas"/>
			<DCCReference Include="..\others\encoding\chsdet\src\nsSBCharSetProber.pas"/>
			<DCCReference Include="..\others\encoding\chsdet\src\nsSBCSGroupProber.pas"/>
			<DCCReference Include="..\others\encoding\chsdet\src\nsUniversalDetector.pas"/>
			<DCCReference Include="..\others\encoding\chsdet\src\sbseq\LangBulgarianModel.pas"/>
			<DCCReference Include="..\others\encoding\chsdet\src\sbseq\LangCyrillicModel.pas"/>
			<DCCReference Include="..\others\encoding\chsdet\src\sbseq\LangGreekModel.pas"/>
			<DCCReference Include="..\others\encoding\chsdet\src\sbseq\LangHebrewModel.pas"/>
			<DCCReference Include="..\others\encoding\chsdet\src\vi.pas"/>
			<DCCReference Include="..\others\utils\SystemUtils.pas"/>
			<DCCReference Include="editor\SearchEngine.pas"/>
			<DCCReference Include="editor\RCHighlighter.pas"/>
			<DCCReference Include="AppConst.pas"/>
			<DCCReference Include="settings\CompilerSettings.pas"/>
			<DCCReference Include="editor\StyleExporter.pas"/>
			<DCCReference Include="editor\ExporterHTML.pas"/>
			<DCCReference Include="editor\ExporterRTF.pas"/>
			<DCCReference Include="editor\EditorPrint.pas"/>
			<DCCReference Include="editor\ExporterTeX.pas"/>
			<BuildConfiguration Include="Debug">
				<Key>Cfg_2</Key>
				<CfgParent>Base</CfgParent>
			</BuildConfiguration>
			<BuildConfiguration Include="Base">
				<Key>Base</Key>
			</BuildConfiguration>
			<BuildConfiguration Include="Release">
				<Key>Cfg_1</Key>
				<CfgParent>Base</CfgParent>
			</BuildConfiguration>
		</ItemGroup>
		<Import Condition="Exists('$(BDS)\Bin\CodeGear.Delphi.Targets')" Project="$(BDS)\Bin\CodeGear.Delphi.Targets"/>
		<ProjectExtensions>
			<Borland.Personality>Delphi.Personality.12</Borland.Personality>
			<Borland.ProjectType>VCLApplication</Borland.ProjectType>
			<BorlandProject>
				<Delphi.Personality>
					<Source>
						<Source Name="MainSource">Falcon.dpr</Source>
					</Source>
					<Parameters>
						<Parameters Name="UseLauncher">False</Parameters>
						<Parameters Name="LoadAllSymbols">True</Parameters>
						<Parameters Name="LoadUnspecifiedSymbols">False</Parameters>
					</Parameters>
					<VersionInfo>
						<VersionInfo Name="IncludeVerInfo">False</VersionInfo>
						<VersionInfo Name="AutoIncBuild">False</VersionInfo>
						<VersionInfo Name="MajorVer">3</VersionInfo>
						<VersionInfo Name="MinorVer">1</VersionInfo>
						<VersionInfo Name="Release">0</VersionInfo>
						<VersionInfo Name="Build">0</VersionInfo>
						<VersionInfo Name="Debug">False</VersionInfo>
						<VersionInfo Name="PreRelease">False</VersionInfo>
						<VersionInfo Name="Special">False</VersionInfo>
						<VersionInfo Name="Private">False</VersionInfo>
						<VersionInfo Name="DLL">False</VersionInfo>
						<VersionInfo Name="Locale">1046</VersionInfo>
						<VersionInfo Name="CodePage">1252</VersionInfo>
					</VersionInfo>
					<VersionInfoKeys>
						<VersionInfoKeys Name="CompanyName">MZSW</VersionInfoKeys>
						<VersionInfoKeys Name="FileDescription">C++ IDE easy and complete</VersionInfoKeys>
						<VersionInfoKeys Name="FileVersion">3.1.0.0</VersionInfoKeys>
						<VersionInfoKeys Name="InternalName">Falcon.exe</VersionInfoKeys>
						<VersionInfoKeys Name="LegalCopyright"/>
						<VersionInfoKeys Name="LegalTrademarks"/>
						<VersionInfoKeys Name="OriginalFilename">Falcon.exe</VersionInfoKeys>
						<VersionInfoKeys Name="ProductName">Falcon C++</VersionInfoKeys>
						<VersionInfoKeys Name="ProductVersion">3.1.0.0</VersionInfoKeys>
						<VersionInfoKeys Name="Comments"/>
					</VersionInfoKeys>
				</Delphi.Personality>
				<Platforms>
					<Platform value="Win64">True</Platform>
					<Platform value="Win32">True</Platform>
				</Platforms>
			</BorlandProject>
			<ProjectFileVersion>12</ProjectFileVersion>
		</ProjectExtensions>
		<Import Condition="Exists('$(APPDATA)\Embarcadero\$(BDSAPPDATABASEDIR)\$(PRODUCTVERSION)\UserTools.proj')" Project="$(APPDATA)\Embarcadero\$(BDSAPPDATABASEDIR)\$(PRODUCTVERSION)\UserTools.proj"/>
	</Project>
